{
    "_readme": [
        "This file locks the dependencies of your project to a known state",
        "Read more about it at https://getcomposer.org/doc/01-basic-usage.md#installing-dependencies",
        "This file is @generated automatically"
    ],
    "content-hash": "ed4e3d5dd3387ded4a8ccc4bff401e15",
    "packages": [
        {
            "name": "setasign/setafpdf",
            "version": "v1.0.0beta2",
            "source": {
                "type": "git",
                "url": "https://github.com/Setasign/SetaFPDF.git",
                "reference": "4d40211d5ca34b1a1aeda76cb9406808a2889465"
            },
            "dist": {
                "type": "zip",
                "url": "https://api.github.com/repos/Setasign/SetaFPDF/zipball/4d40211d5ca34b1a1aeda76cb9406808a2889465",
                "reference": "4d40211d5ca34b1a1aeda76cb9406808a2889465",
                "shasum": ""
            },
            "require": {
                "ext-ctype": "*",
                "php": "^5.6 || ^7.0",
                "setasign/setapdf-core": "^2.29"
            },
            "require-dev": {
                "phpunit/phpunit": "~5.7",
                "setasign/fpdf": "1.8.1",
                "setasign/fpdi-fpdf": "^2.1"
            },
            "type": "library",
            "autoload": {
                "psr-4": {
                    "setasign\\SetaFpdf\\": "src/"
                }
            },
            "notification-url": "https://packagist.org/downloads/",
            "license": [
                "MIT"
            ],
            "authors": [
                {
                    "name": "Setasign",
                    "email": "support@setasign.com"
                }
            ],
            "description": "SetaFPDF is a clone of FPDF with an almost compatible interface while using SetaPDF-Core internally for the PDF generation.",
            "homepage": "https://www.setasign.com",
            "keywords": [
                "SetaFPDF",
                "SetaPDF",
                "fpdf",
                "pdf"
            ],
            "time": "2019-03-13T13:24:19+00:00"
        },
        {
            "name": "setasign/setapdf-core",
            "version": "2.31.0.1330",
            "dist": {
                "type": "zip",
                "url": "https://www.setasign.com/downloads/2221236/SetaPDF-Core_2.31.0.1330-without-demos.zip",
                "reference": null,
                "shasum": null
            },
            "type": "library",
            "autoload": {
                "psr-0": {
                    "SetaPDF_": "library/"
                }
            },
            "license": [
                "proprietary"
            ],
            "support": {
                "email": "support@setasign.com"
            },
            "time": "2019-04-04T00:00:00+00:00"
        },
        {
            "name": "setasign/setapdf-merger",
            "version": "2.31.0.1330",
            "dist": {
                "type": "zip",
                "url": "https://www.setasign.com/downloads/2221256/SetaPDF-Merger_2.31.0.1330-without-core.zip",
                "reference": null,
                "shasum": null
            },
            "require": {
                "setasign/setapdf-core": "2.31.0.1330"
            },
            "type": "library",
            "autoload": {
                "psr-0": {
                    "SetaPDF_": "library/"
                }
            },
            "license": [
                "proprietary"
            ],
            "support": {
                "email": "support@setasign.com"
            },
            "time": "2019-04-04T00:00:00+00:00"
        }
    ],
    "packages-dev": [],
    "aliases": [],
    "minimum-stability": "stable",
    "stability-flags": {
        "setasign/setafpdf": 10
    },
    "prefer-stable": false,
    "prefer-lowest": false,
    "platform": {
        "php": "^7.1.3",
        "ext-curl": "*",
        "ext-json": "*",
        "ext-simplexml": "*"
    },
    "platform-dev": []
}
